
Microsoft Visual Studio Solution File, Format Version 12.00
# Visual Studio Version 17
VisualStudioVersion = 17.6.33815.320
MinimumVisualStudioVersion = 10.0.40219.1
Project("{FAE04EC0-301F-11D3-BF4B-00C04F79EFBC}") = "PhotoShooter", "PhotoShooter.csproj", "{9638C336-1F51-4F32-8415-E896D4648FE5}"
EndProject
Global
	GlobalSection(SolutionConfigurationPlatforms) = preSolution
		Debug|Any CPU = Debug|Any CPU
		Release|Any CPU = Release|Any CPU
	EndGlobalSection
	GlobalSection(ProjectConfigurationPlatforms) = postSolution
		{9638C336-1F51-4F32-8415-E896D4648FE5}.Debug|Any CPU.ActiveCfg = Debug|Any CPU
		{9638C336-1F51-4F32-8415-E896D4648FE5}.Debug|Any CPU.Build.0 = Debug|Any CPU
		{9638C336-1F51-4F32-8415-E896D4648FE5}.Release|Any CPU.ActiveCfg = Release|Any CPU
		{9638C336-1F51-4F32-8415-E896D4648FE5}.Release|Any CPU.Build.0 = Release|Any CPU
	EndGlobalSection
	GlobalSection(SolutionProperties) = preSolution
		HideSolutionNode = FALSE
	EndGlobalSection
	GlobalSection(ExtensibilityGlobals) = postSolution
		SolutionGuid = {FD4D276C-A709-4BDB-9B82-65BBCB194126}
	EndGlobalSection
EndGlobal
